
Microsoft Visual Studio Solution File, Format Version 12.00
# Visual Studio Version 17
VisualStudioVersion = 17.5.33414.496
MinimumVisualStudioVersion = 10.0.40219.1
Project("{FAE04EC0-301F-11D3-BF4B-00C04F79EFBC}") = "NFCOne.Android", "NFCOne.Android\NFCOne.Android.csproj", "{8428D90C-4950-4624-8DB8-26FE23343DFC}"
EndProject
Project("{9A19103F-16F7-4668-BE54-9A1E7A4F7556}") = "NFCOne", "NFCOne\NFCOne.csproj", "{AC800D74-43B1-4FC8-9FB7-233BEDB60775}"
EndProject
Global
	GlobalSection(SolutionConfigurationPlatforms) = preSolution
		Debug|Any CPU = Debug|Any CPU
		Release|Any CPU = Release|Any CPU
	EndGlobalSection
	GlobalSection(ProjectConfigurationPlatforms) = postSolution
		{8428D90C-4950-4624-8DB8-26FE23343DFC}.Debug|Any CPU.ActiveCfg = Debug|Any CPU
		{8428D90C-4950-4624-8DB8-26FE23343DFC}.Debug|Any CPU.Build.0 = Debug|Any CPU
		{8428D90C-4950-4624-8DB8-26FE23343DFC}.Debug|Any CPU.Deploy.0 = Debug|Any CPU
		{8428D90C-4950-4624-8DB8-26FE23343DFC}.Release|Any CPU.ActiveCfg = Release|Any CPU
		{8428D90C-4950-4624-8DB8-26FE23343DFC}.Release|Any CPU.Build.0 = Release|Any CPU
		{8428D90C-4950-4624-8DB8-26FE23343DFC}.Release|Any CPU.Deploy.0 = Release|Any CPU
		{AC800D74-43B1-4FC8-9FB7-233BEDB60775}.Debug|Any CPU.ActiveCfg = Debug|Any CPU
		{AC800D74-43B1-4FC8-9FB7-233BEDB60775}.Debug|Any CPU.Build.0 = Debug|Any CPU
		{AC800D74-43B1-4FC8-9FB7-233BEDB60775}.Debug|Any CPU.Deploy.0 = Debug|Any CPU
		{AC800D74-43B1-4FC8-9FB7-233BEDB60775}.Release|Any CPU.ActiveCfg = Release|Any CPU
		{AC800D74-43B1-4FC8-9FB7-233BEDB60775}.Release|Any CPU.Build.0 = Release|Any CPU
		{AC800D74-43B1-4FC8-9FB7-233BEDB60775}.Release|Any CPU.Deploy.0 = Release|Any CPU
	EndGlobalSection
	GlobalSection(SolutionProperties) = preSolution
		HideSolutionNode = FALSE
	EndGlobalSection
	GlobalSection(ExtensibilityGlobals) = postSolution
		SolutionGuid = {F3E9EF6D-73E2-40D5-9B8B-8B9FAB0146D9}
	EndGlobalSection
EndGlobal
